
Microsoft Visual Studio Solution File, Format Version 12.00
# Visual Studio Version 17
VisualStudioVersion = 17.13.35806.99 d17.13
MinimumVisualStudioVersion = 10.0.40219.1
Project("{FAE04EC0-301F-11D3-BF4B-00C04F79EFBC}") = "FaiscaSync", "FaiscaSync\FaiscaSync.csproj", "{6934FD0B-8778-473A-A403-FC87873D305D}"
EndProject
Global
	GlobalSection(SolutionConfigurationPlatforms) = preSolution
		Debug|Any CPU = Debug|Any CPU
		Release|Any CPU = Release|Any CPU
	EndGlobalSection
	GlobalSection(ProjectConfigurationPlatforms) = postSolution
		{6934FD0B-8778-473A-A403-FC87873D305D}.Debug|Any CPU.ActiveCfg = Debug|Any CPU
		{6934FD0B-8778-473A-A403-FC87873D305D}.Debug|Any CPU.Build.0 = Debug|Any CPU
		{6934FD0B-8778-473A-A403-FC87873D305D}.Release|Any CPU.ActiveCfg = Release|Any CPU
		{6934FD0B-8778-473A-A403-FC87873D305D}.Release|Any CPU.Build.0 = Release|Any CPU
	EndGlobalSection
	GlobalSection(SolutionProperties) = preSolution
		HideSolutionNode = FALSE
	EndGlobalSection
	GlobalSection(ExtensibilityGlobals) = postSolution
		SolutionGuid = {D93FA606-845E-493E-B93F-34B678BB5E68}
	EndGlobalSection
EndGlobal
